
Microsoft Visual Studio Solution File, Format Version 12.00
# Visual Studio Version 17
VisualStudioVersion = 17.9.34622.214
MinimumVisualStudioVersion = 10.0.40219.1
Project("{FAE04EC0-301F-11D3-BF4B-00C04F79EFBC}") = "SQSPublisher", "SQSPublisher\SQSPublisher.csproj", "{8E394883-5EEF-4D01-BE0C-11175E5C1C55}"
EndProject
Project("{2150E333-8FDC-42A3-9474-1A3956D46DE8}") = "SQS", "SQS", "{C611C331-96DB-410F-88F7-5E19BECFF0D6}"
EndProject
Project("{FAE04EC0-301F-11D3-BF4B-00C04F79EFBC}") = "SQSConsumer", "SQSConsumer\SQSConsumer.csproj", "{D7777981-508C-4B7C-8191-FED0B8D16184}"
EndProject
Global
	GlobalSection(SolutionConfigurationPlatforms) = preSolution
		Debug|Any CPU = Debug|Any CPU
		Release|Any CPU = Release|Any CPU
	EndGlobalSection
	GlobalSection(ProjectConfigurationPlatforms) = postSolution
		{8E394883-5EEF-4D01-BE0C-11175E5C1C55}.Debug|Any CPU.ActiveCfg = Debug|Any CPU
		{8E394883-5EEF-4D01-BE0C-11175E5C1C55}.Debug|Any CPU.Build.0 = Debug|Any CPU
		{8E394883-5EEF-4D01-BE0C-11175E5C1C55}.Release|Any CPU.ActiveCfg = Release|Any CPU
		{8E394883-5EEF-4D01-BE0C-11175E5C1C55}.Release|Any CPU.Build.0 = Release|Any CPU
		{D7777981-508C-4B7C-8191-FED0B8D16184}.Debug|Any CPU.ActiveCfg = Debug|Any CPU
		{D7777981-508C-4B7C-8191-FED0B8D16184}.Debug|Any CPU.Build.0 = Debug|Any CPU
		{D7777981-508C-4B7C-8191-FED0B8D16184}.Release|Any CPU.ActiveCfg = Release|Any CPU
		{D7777981-508C-4B7C-8191-FED0B8D16184}.Release|Any CPU.Build.0 = Release|Any CPU
	EndGlobalSection
	GlobalSection(SolutionProperties) = preSolution
		HideSolutionNode = FALSE
	EndGlobalSection
	GlobalSection(NestedProjects) = preSolution
		{8E394883-5EEF-4D01-BE0C-11175E5C1C55} = {C611C331-96DB-410F-88F7-5E19BECFF0D6}
		{D7777981-508C-4B7C-8191-FED0B8D16184} = {C611C331-96DB-410F-88F7-5E19BECFF0D6}
	EndGlobalSection
	GlobalSection(ExtensibilityGlobals) = postSolution
		SolutionGuid = {CBE407C5-FCC6-40B3-87DE-56223A4D3A50}
	EndGlobalSection
EndGlobal
